// !$*UTF8*$!
{
	archiveVersion = 1;
	classes = {
	};
	objectVersion = 77;
	objects = {

/* Begin PBXBuildFile section */
		4F4F5E6C2D8EFB68005B1606 /* SiliconVirtualizationHelper in Resources */ = {isa = PBXBuildFile; fileRef = 4F4F5CC42D8EF7C5005B1606 /* SiliconVirtualizationHelper */; };
		4F4F5E722D8EFBB8005B1606 /* ServiceManagement.framework in Frameworks */ = {isa = PBXBuildFile; fileRef = 4F4F5E712D8EFBB8005B1606 /* ServiceManagement.framework */; };
		4F52C4E82D85EC3300FE2881 /* AppKit.framework in Frameworks */ = {isa = PBXBuildFile; fileRef = 4F52C4E72D85EC3300FE2881 /* AppKit.framework */; };
		4F52C51A2D85F00300FE2881 /* Virtualization.framework in Frameworks */ = {isa = PBXBuildFile; fileRef = 4F52C5192D85F00300FE2881 /* Virtualization.framework */; };
		4F52C59A2D87297D00FE2881 /* UniformTypeIdentifiers.framework in Frameworks */ = {isa = PBXBuildFile; fileRef = 4F52C5992D87297D00FE2881 /* UniformTypeIdentifiers.framework */; };
/* End PBXBuildFile section */

/* Begin PBXContainerItemProxy section */
		4F4F5E672D8EFB45005B1606 /* PBXContainerItemProxy */ = {
			isa = PBXContainerItemProxy;
			containerPortal = 4F52C3292D85E53200FE2881 /* Project object */;
			proxyType = 1;
			remoteGlobalIDString = 4F4F5CC32D8EF7C5005B1606;
			remoteInfo = SiliconVirtualizationHelper;
		};
/* End PBXContainerItemProxy section */

/* Begin PBXCopyFilesBuildPhase section */
		4F4F5CC22D8EF7C5005B1606 /* CopyFiles */ = {
			isa = PBXCopyFilesBuildPhase;
			buildActionMask = 2147483647;
			dstPath = /usr/share/man/man1/;
			dstSubfolderSpec = 0;
			files = (
			);
			runOnlyForDeploymentPostprocessing = 1;
		};
		4F4F5E692D8EFB4B005B1606 /* CopyFiles */ = {
			isa = PBXCopyFilesBuildPhase;
			buildActionMask = 2147483647;
			dstPath = Contents/Library/LaunchDaemons;
			dstSubfolderSpec = 1;
			files = (
			);
			runOnlyForDeploymentPostprocessing = 0;
		};
		4FD7A61F2D886B4C00EDD35E /* CopyFiles */ = {
			isa = PBXCopyFilesBuildPhase;
			buildActionMask = 2147483647;
			dstPath = /usr/share/man/man1/;
			dstSubfolderSpec = 0;
			files = (
			);
			runOnlyForDeploymentPostprocessing = 1;
		};
/* End PBXCopyFilesBuildPhase section */

/* Begin PBXFileReference section */
		4F4F5CC42D8EF7C5005B1606 /* SiliconVirtualizationHelper */ = {isa = PBXFileReference; explicitFileType = "compiled.mach-o.executable"; includeInIndex = 0; path = SiliconVirtualizationHelper; sourceTree = BUILT_PRODUCTS_DIR; };
		4F4F5E592D8EF807005B1606 /* libxpc.tbd */ = {isa = PBXFileReference; lastKnownFileType = "sourcecode.text-based-dylib-definition"; name = libxpc.tbd; path = usr/lib/system/libxpc.tbd; sourceTree = SDKROOT; };
		4F4F5E712D8EFBB8005B1606 /* ServiceManagement.framework */ = {isa = PBXFileReference; lastKnownFileType = wrapper.framework; name = ServiceManagement.framework; path = System/Library/Frameworks/ServiceManagement.framework; sourceTree = SDKROOT; };
		4F52C3312D85E53200FE2881 /* SiliconVirtualization.app */ = {isa = PBXFileReference; explicitFileType = wrapper.application; includeInIndex = 0; path = SiliconVirtualization.app; sourceTree = BUILT_PRODUCTS_DIR; };
		4F52C4E72D85EC3300FE2881 /* AppKit.framework */ = {isa = PBXFileReference; lastKnownFileType = wrapper.framework; name = AppKit.framework; path = System/Library/Frameworks/AppKit.framework; sourceTree = SDKROOT; };
		4F52C5192D85F00300FE2881 /* Virtualization.framework */ = {isa = PBXFileReference; lastKnownFileType = wrapper.framework; name = Virtualization.framework; path = System/Library/Frameworks/Virtualization.framework; sourceTree = SDKROOT; };
		4F52C5992D87297D00FE2881 /* UniformTypeIdentifiers.framework */ = {isa = PBXFileReference; lastKnownFileType = wrapper.framework; name = UniformTypeIdentifiers.framework; path = System/Library/Frameworks/UniformTypeIdentifiers.framework; sourceTree = SDKROOT; };
		4FD7A6212D886B4C00EDD35E /* MyScript */ = {isa = PBXFileReference; explicitFileType = "compiled.mach-o.executable"; includeInIndex = 0; path = MyScript; sourceTree = BUILT_PRODUCTS_DIR; };
/* End PBXFileReference section */

/* Begin PBXFileSystemSynchronizedBuildFileExceptionSet section */
		4F4F5E662D8EFB2B005B1606 /* Exceptions for "SiliconVirtualization" folder in "SiliconVirtualization" target */ = {
			isa = PBXFileSystemSynchronizedBuildFileExceptionSet;
			membershipExceptions = (
				com.pookjw.SiliconVirtualization.Helper.plist,
			);
			target = 4F52C3302D85E53200FE2881 /* SiliconVirtualization */;
		};
/* End PBXFileSystemSynchronizedBuildFileExceptionSet section */

/* Begin PBXFileSystemSynchronizedGroupBuildPhaseMembershipExceptionSet section */
		4F4F5E6B2D8EFB55005B1606 /* Exceptions for "SiliconVirtualization" folder in "Copy Files" phase from "SiliconVirtualization" target */ = {
			isa = PBXFileSystemSynchronizedGroupBuildPhaseMembershipExceptionSet;
			buildPhase = 4F4F5E692D8EFB4B005B1606 /* CopyFiles */;
			membershipExceptions = (
				com.pookjw.SiliconVirtualization.Helper.plist,
			);
		};
/* End PBXFileSystemSynchronizedGroupBuildPhaseMembershipExceptionSet section */

/* Begin PBXFileSystemSynchronizedRootGroup section */
		4F4F5CC52D8EF7C5005B1606 /* SiliconVirtualizationHelper */ = {
			isa = PBXFileSystemSynchronizedRootGroup;
			path = SiliconVirtualizationHelper;
			sourceTree = "<group>";
		};
		4F4F5E732D8EFBF5005B1606 /* Common */ = {
			isa = PBXFileSystemSynchronizedRootGroup;
			path = Common;
			sourceTree = "<group>";
		};
		4F52C3332D85E53200FE2881 /* SiliconVirtualization */ = {
			isa = PBXFileSystemSynchronizedRootGroup;
			exceptions = (
				4F4F5E662D8EFB2B005B1606 /* Exceptions for "SiliconVirtualization" folder in "SiliconVirtualization" target */,
				4F4F5E6B2D8EFB55005B1606 /* Exceptions for "SiliconVirtualization" folder in "Copy Files" phase from "SiliconVirtualization" target */,
			);
			path = SiliconVirtualization;
			sourceTree = "<group>";
		};
		4FD7A6222D886B4C00EDD35E /* MyScript */ = {
			isa = PBXFileSystemSynchronizedRootGroup;
			path = MyScript;
			sourceTree = "<group>";
		};
/* End PBXFileSystemSynchronizedRootGroup section */

/* Begin PBXFrameworksBuildPhase section */
		4F4F5CC12D8EF7C5005B1606 /* Frameworks */ = {
			isa = PBXFrameworksBuildPhase;
			buildActionMask = 2147483647;
			files = (
			);
			runOnlyForDeploymentPostprocessing = 0;
		};
		4F52C32E2D85E53200FE2881 /* Frameworks */ = {
			isa = PBXFrameworksBuildPhase;
			buildActionMask = 2147483647;
			files = (
				4F52C59A2D87297D00FE2881 /* UniformTypeIdentifiers.framework in Frameworks */,
				4F4F5E722D8EFBB8005B1606 /* ServiceManagement.framework in Frameworks */,
				4F52C4E82D85EC3300FE2881 /* AppKit.framework in Frameworks */,
				4F52C51A2D85F00300FE2881 /* Virtualization.framework in Frameworks */,
			);
			runOnlyForDeploymentPostprocessing = 0;
		};
		4FD7A61E2D886B4C00EDD35E /* Frameworks */ = {
			isa = PBXFrameworksBuildPhase;
			buildActionMask = 2147483647;
			files = (
			);
			runOnlyForDeploymentPostprocessing = 0;
		};
/* End PBXFrameworksBuildPhase section */

/* Begin PBXGroup section */
		4F52C3282D85E53200FE2881 = {
			isa = PBXGroup;
			children = (
				4F52C3332D85E53200FE2881 /* SiliconVirtualization */,
				4FD7A6222D886B4C00EDD35E /* MyScript */,
				4F4F5CC52D8EF7C5005B1606 /* SiliconVirtualizationHelper */,
				4F52C4E62D85EC3300FE2881 /* Frameworks */,
				4F52C3322D85E53200FE2881 /* Products */,
				4F4F5E732D8EFBF5005B1606 /* Common */,
			);
			sourceTree = "<group>";
		};
		4F52C3322D85E53200FE2881 /* Products */ = {
			isa = PBXGroup;
			children = (
				4F52C3312D85E53200FE2881 /* SiliconVirtualization.app */,
				4FD7A6212D886B4C00EDD35E /* MyScript */,
				4F4F5CC42D8EF7C5005B1606 /* SiliconVirtualizationHelper */,
			);
			name = Products;
			sourceTree = "<group>";
		};
		4F52C4E62D85EC3300FE2881 /* Frameworks */ = {
			isa = PBXGroup;
			children = (
				4F4F5E712D8EFBB8005B1606 /* ServiceManagement.framework */,
				4F4F5E592D8EF807005B1606 /* libxpc.tbd */,
				4F52C5992D87297D00FE2881 /* UniformTypeIdentifiers.framework */,
				4F52C5192D85F00300FE2881 /* Virtualization.framework */,
				4F52C4E72D85EC3300FE2881 /* AppKit.framework */,
			);
			name = Frameworks;
			sourceTree = "<group>";
		};
/* End PBXGroup section */

/* Begin PBXNativeTarget section */
		4F4F5CC32D8EF7C5005B1606 /* SiliconVirtualizationHelper */ = {
			isa = PBXNativeTarget;
			buildConfigurationList = 4F4F5CC82D8EF7C5005B1606 /* Build configuration list for PBXNativeTarget "SiliconVirtualizationHelper" */;
			buildPhases = (
				4F4F5CC02D8EF7C5005B1606 /* Sources */,
				4F4F5CC12D8EF7C5005B1606 /* Frameworks */,
				4F4F5CC22D8EF7C5005B1606 /* CopyFiles */,
			);
			buildRules = (
			);
			dependencies = (
			);
			fileSystemSynchronizedGroups = (
				4F4F5CC52D8EF7C5005B1606 /* SiliconVirtualizationHelper */,
			);
			name = SiliconVirtualizationHelper;
			packageProductDependencies = (
			);
			productName = SiliconVirtualizationHelper;
			productReference = 4F4F5CC42D8EF7C5005B1606 /* SiliconVirtualizationHelper */;
			productType = "com.apple.product-type.tool";
		};
		4F52C3302D85E53200FE2881 /* SiliconVirtualization */ = {
			isa = PBXNativeTarget;
			buildConfigurationList = 4F52C3442D85E53300FE2881 /* Build configuration list for PBXNativeTarget "SiliconVirtualization" */;
			buildPhases = (
				4F52C32D2D85E53200FE2881 /* Sources */,
				4F52C32E2D85E53200FE2881 /* Frameworks */,
				4F52C32F2D85E53200FE2881 /* Resources */,
				4F4F5E692D8EFB4B005B1606 /* CopyFiles */,
			);
			buildRules = (
			);
			dependencies = (
				4F4F5E682D8EFB45005B1606 /* PBXTargetDependency */,
			);
			fileSystemSynchronizedGroups = (
				4F52C3332D85E53200FE2881 /* SiliconVirtualization */,
			);
			name = SiliconVirtualization;
			packageProductDependencies = (
			);
			productName = SiliconVirtualization;
			productReference = 4F52C3312D85E53200FE2881 /* SiliconVirtualization.app */;
			productType = "com.apple.product-type.application";
		};
		4FD7A6202D886B4C00EDD35E /* MyScript */ = {
			isa = PBXNativeTarget;
			buildConfigurationList = 4FD7A6252D886B4C00EDD35E /* Build configuration list for PBXNativeTarget "MyScript" */;
			buildPhases = (
				4FD7A61D2D886B4C00EDD35E /* Sources */,
				4FD7A61E2D886B4C00EDD35E /* Frameworks */,
				4FD7A61F2D886B4C00EDD35E /* CopyFiles */,
			);
			buildRules = (
			);
			dependencies = (
			);
			fileSystemSynchronizedGroups = (
				4FD7A6222D886B4C00EDD35E /* MyScript */,
			);
			name = MyScript;
			packageProductDependencies = (
			);
			productName = MyScript;
			productReference = 4FD7A6212D886B4C00EDD35E /* MyScript */;
			productType = "com.apple.product-type.tool";
		};
/* End PBXNativeTarget section */

/* Begin PBXProject section */
		4F52C3292D85E53200FE2881 /* Project object */ = {
			isa = PBXProject;
			attributes = {
				BuildIndependentTargetsInParallel = 1;
				LastUpgradeCheck = 1630;
				TargetAttributes = {
					4F4F5CC32D8EF7C5005B1606 = {
						CreatedOnToolsVersion = 16.3;
					};
					4F52C3302D85E53200FE2881 = {
						CreatedOnToolsVersion = 16.3;
					};
					4FD7A6202D886B4C00EDD35E = {
						CreatedOnToolsVersion = 16.3;
					};
				};
			};
			buildConfigurationList = 4F52C32C2D85E53200FE2881 /* Build configuration list for PBXProject "SiliconVirtualization" */;
			developmentRegion = en;
			hasScannedForEncodings = 0;
			knownRegions = (
				en,
				Base,
			);
			mainGroup = 4F52C3282D85E53200FE2881;
			minimizedProjectReferenceProxies = 1;
			preferredProjectObjectVersion = 77;
			productRefGroup = 4F52C3322D85E53200FE2881 /* Products */;
			projectDirPath = "";
			projectRoot = "";
			targets = (
				4F52C3302D85E53200FE2881 /* SiliconVirtualization */,
				4FD7A6202D886B4C00EDD35E /* MyScript */,
				4F4F5CC32D8EF7C5005B1606 /* SiliconVirtualizationHelper */,
			);
		};
/* End PBXProject section */

/* Begin PBXResourcesBuildPhase section */
		4F52C32F2D85E53200FE2881 /* Resources */ = {
			isa = PBXResourcesBuildPhase;
			buildActionMask = 2147483647;
			files = (
				4F4F5E6C2D8EFB68005B1606 /* SiliconVirtualizationHelper in Resources */,
			);
			runOnlyForDeploymentPostprocessing = 0;
		};
/* End PBXResourcesBuildPhase section */

/* Begin PBXSourcesBuildPhase section */
		4F4F5CC02D8EF7C5005B1606 /* Sources */ = {
			isa = PBXSourcesBuildPhase;
			buildActionMask = 2147483647;
			files = (
			);
			runOnlyForDeploymentPostprocessing = 0;
		};
		4F52C32D2D85E53200FE2881 /* Sources */ = {
			isa = PBXSourcesBuildPhase;
			buildActionMask = 2147483647;
			files = (
			);
			runOnlyForDeploymentPostprocessing = 0;
		};
		4FD7A61D2D886B4C00EDD35E /* Sources */ = {
			isa = PBXSourcesBuildPhase;
			buildActionMask = 2147483647;
			files = (
			);
			runOnlyForDeploymentPostprocessing = 0;
		};
/* End PBXSourcesBuildPhase section */

/* Begin PBXTargetDependency section */
		4F4F5E682D8EFB45005B1606 /* PBXTargetDependency */ = {
			isa = PBXTargetDependency;
			target = 4F4F5CC32D8EF7C5005B1606 /* SiliconVirtualizationHelper */;
			targetProxy = 4F4F5E672D8EFB45005B1606 /* PBXContainerItemProxy */;
		};
/* End PBXTargetDependency section */

/* Begin XCBuildConfiguration section */
		4F4F5CC92D8EF7C5005B1606 /* Debug */ = {
			isa = XCBuildConfiguration;
			buildSettings = {
				CLANG_CXX_LANGUAGE_STANDARD = "gnu++20";
				CODE_SIGN_STYLE = Automatic;
				DEVELOPMENT_TEAM = P53D29U9LJ;
				ENABLE_HARDENED_RUNTIME = YES;
				INFOPLIST_FILE = "$(SRCROOT)/SiliconVirtualizationHelper/Info.plist";
				LIBRARY_SEARCH_PATHS = (
					"$(inherited)",
					"$(SDKROOT)/usr/lib/system",
				);
				PRODUCT_BUNDLE_IDENTIFIER = com.apple.SiliconVirtualization.Helper;
				PRODUCT_NAME = "$(TARGET_NAME)";
			};
			name = Debug;
		};
		4F4F5CCA2D8EF7C5005B1606 /* Release */ = {
			isa = XCBuildConfiguration;
			buildSettings = {
				CLANG_CXX_LANGUAGE_STANDARD = "gnu++20";
				CODE_SIGN_STYLE = Automatic;
				DEVELOPMENT_TEAM = P53D29U9LJ;
				ENABLE_HARDENED_RUNTIME = YES;
				INFOPLIST_FILE = "$(SRCROOT)/SiliconVirtualizationHelper/Info.plist";
				LIBRARY_SEARCH_PATHS = (
					"$(inherited)",
					"$(SDKROOT)/usr/lib/system",
				);
				PRODUCT_BUNDLE_IDENTIFIER = com.apple.SiliconVirtualization.Helper;
				PRODUCT_NAME = "$(TARGET_NAME)";
			};
			name = Release;
		};
		4F52C3422D85E53300FE2881 /* Debug */ = {
			isa = XCBuildConfiguration;
			buildSettings = {
				ALWAYS_SEARCH_USER_PATHS = NO;
				ASSETCATALOG_COMPILER_GENERATE_SWIFT_ASSET_SYMBOL_EXTENSIONS = YES;
				CLANG_ANALYZER_NONNULL = YES;
				CLANG_ANALYZER_NUMBER_OBJECT_CONVERSION = YES_AGGRESSIVE;
				CLANG_CXX_LANGUAGE_STANDARD = "gnu++23";
				CLANG_ENABLE_MODULES = YES;
				CLANG_ENABLE_OBJC_ARC = NO;
				CLANG_ENABLE_OBJC_WEAK = NO;
				CLANG_WARN_BLOCK_CAPTURE_AUTORELEASING = YES;
				CLANG_WARN_BOOL_CONVERSION = YES;
				CLANG_WARN_COMMA = YES;
				CLANG_WARN_CONSTANT_CONVERSION = YES;
				CLANG_WARN_DEPRECATED_OBJC_IMPLEMENTATIONS = YES;
				CLANG_WARN_DIRECT_OBJC_ISA_USAGE = YES_ERROR;
				CLANG_WARN_DOCUMENTATION_COMMENTS = YES;
				CLANG_WARN_EMPTY_BODY = YES;
				CLANG_WARN_ENUM_CONVERSION = YES;
				CLANG_WARN_INFINITE_RECURSION = YES;
				CLANG_WARN_INT_CONVERSION = YES;
				CLANG_WARN_NON_LITERAL_NULL_CONVERSION = YES;
				CLANG_WARN_OBJC_IMPLICIT_RETAIN_SELF = YES;
				CLANG_WARN_OBJC_LITERAL_CONVERSION = YES;
				CLANG_WARN_OBJC_ROOT_CLASS = YES_ERROR;
				CLANG_WARN_QUOTED_INCLUDE_IN_FRAMEWORK_HEADER = YES;
				CLANG_WARN_RANGE_LOOP_ANALYSIS = YES;
				CLANG_WARN_STRICT_PROTOTYPES = YES;
				CLANG_WARN_SUSPICIOUS_MOVE = YES;
				CLANG_WARN_UNGUARDED_AVAILABILITY = YES_AGGRESSIVE;
				CLANG_WARN_UNREACHABLE_CODE = YES;
				CLANG_WARN__DUPLICATE_METHOD_MATCH = YES;
				COPY_PHASE_STRIP = NO;
				DEBUG_INFORMATION_FORMAT = dwarf;
				DEVELOPMENT_TEAM = P53D29U9LJ;
				ENABLE_STRICT_OBJC_MSGSEND = YES;
				ENABLE_TESTABILITY = YES;
				ENABLE_USER_SCRIPT_SANDBOXING = YES;
				GCC_C_LANGUAGE_STANDARD = gnu17;
				GCC_DYNAMIC_NO_PIC = NO;
				GCC_NO_COMMON_BLOCKS = YES;
				GCC_OPTIMIZATION_LEVEL = 0;
				GCC_PREPROCESSOR_DEFINITIONS = (
					"DEBUG=1",
					"$(inherited)",
				);
				GCC_WARN_64_TO_32_BIT_CONVERSION = YES;
				GCC_WARN_ABOUT_RETURN_TYPE = YES_ERROR;
				GCC_WARN_UNDECLARED_SELECTOR = YES;
				GCC_WARN_UNINITIALIZED_AUTOS = YES_AGGRESSIVE;
				GCC_WARN_UNUSED_FUNCTION = YES;
				GCC_WARN_UNUSED_VARIABLE = YES;
				LOCALIZATION_PREFERS_STRING_CATALOGS = YES;
				MACOSX_DEPLOYMENT_TARGET = 15.4;
				MTL_ENABLE_DEBUG_INFO = INCLUDE_SOURCE;
				MTL_FAST_MATH = YES;
				ONLY_ACTIVE_ARCH = YES;
				SDKROOT = macosx;
			};
			name = Debug;
		};
		4F52C3432D85E53300FE2881 /* Release */ = {
			isa = XCBuildConfiguration;
			buildSettings = {
				ALWAYS_SEARCH_USER_PATHS = NO;
				ASSETCATALOG_COMPILER_GENERATE_SWIFT_ASSET_SYMBOL_EXTENSIONS = YES;
				CLANG_ANALYZER_NONNULL = YES;
				CLANG_ANALYZER_NUMBER_OBJECT_CONVERSION = YES_AGGRESSIVE;
				CLANG_CXX_LANGUAGE_STANDARD = "gnu++23";
				CLANG_ENABLE_MODULES = YES;
				CLANG_ENABLE_OBJC_ARC = NO;
				CLANG_ENABLE_OBJC_WEAK = NO;
				CLANG_WARN_BLOCK_CAPTURE_AUTORELEASING = YES;
				CLANG_WARN_BOOL_CONVERSION = YES;
				CLANG_WARN_COMMA = YES;
				CLANG_WARN_CONSTANT_CONVERSION = YES;
				CLANG_WARN_DEPRECATED_OBJC_IMPLEMENTATIONS = YES;
				CLANG_WARN_DIRECT_OBJC_ISA_USAGE = YES_ERROR;
				CLANG_WARN_DOCUMENTATION_COMMENTS = YES;
				CLANG_WARN_EMPTY_BODY = YES;
				CLANG_WARN_ENUM_CONVERSION = YES;
				CLANG_WARN_INFINITE_RECURSION = YES;
				CLANG_WARN_INT_CONVERSION = YES;
				CLANG_WARN_NON_LITERAL_NULL_CONVERSION = YES;
				CLANG_WARN_OBJC_IMPLICIT_RETAIN_SELF = YES;
				CLANG_WARN_OBJC_LITERAL_CONVERSION = YES;
				CLANG_WARN_OBJC_ROOT_CLASS = YES_ERROR;
				CLANG_WARN_QUOTED_INCLUDE_IN_FRAMEWORK_HEADER = YES;
				CLANG_WARN_RANGE_LOOP_ANALYSIS = YES;
				CLANG_WARN_STRICT_PROTOTYPES = YES;
				CLANG_WARN_SUSPICIOUS_MOVE = YES;
				CLANG_WARN_UNGUARDED_AVAILABILITY = YES_AGGRESSIVE;
				CLANG_WARN_UNREACHABLE_CODE = YES;
				CLANG_WARN__DUPLICATE_METHOD_MATCH = YES;
				COPY_PHASE_STRIP = NO;
				DEBUG_INFORMATION_FORMAT = "dwarf-with-dsym";
				DEVELOPMENT_TEAM = P53D29U9LJ;
				ENABLE_NS_ASSERTIONS = NO;
				ENABLE_STRICT_OBJC_MSGSEND = YES;
				ENABLE_USER_SCRIPT_SANDBOXING = YES;
				GCC_C_LANGUAGE_STANDARD = gnu17;
				GCC_NO_COMMON_BLOCKS = YES;
				GCC_WARN_64_TO_32_BIT_CONVERSION = YES;
				GCC_WARN_ABOUT_RETURN_TYPE = YES_ERROR;
				GCC_WARN_UNDECLARED_SELECTOR = YES;
				GCC_WARN_UNINITIALIZED_AUTOS = YES_AGGRESSIVE;
				GCC_WARN_UNUSED_FUNCTION = YES;
				GCC_WARN_UNUSED_VARIABLE = YES;
				LOCALIZATION_PREFERS_STRING_CATALOGS = YES;
				MACOSX_DEPLOYMENT_TARGET = 15.4;
				MTL_ENABLE_DEBUG_INFO = NO;
				MTL_FAST_MATH = YES;
				SDKROOT = macosx;
			};
			name = Release;
		};
		4F52C3452D85E53300FE2881 /* Debug */ = {
			isa = XCBuildConfiguration;
			buildSettings = {
				ASSETCATALOG_COMPILER_APPICON_NAME = AppIcon;
				ASSETCATALOG_COMPILER_GLOBAL_ACCENT_COLOR_NAME = AccentColor;
				CODE_SIGN_ENTITLEMENTS = SiliconVirtualization/SiliconVirtualization.entitlements;
				CODE_SIGN_STYLE = Automatic;
				COMBINE_HIDPI_IMAGES = YES;
				CURRENT_PROJECT_VERSION = 1;
				DEVELOPMENT_TEAM = "";
				ENABLE_HARDENED_RUNTIME = YES;
				GENERATE_INFOPLIST_FILE = YES;
				INFOPLIST_KEY_NSHumanReadableCopyright = "";
				INFOPLIST_KEY_NSPrincipalClass = NSApplication;
				LD_RUNPATH_SEARCH_PATHS = (
					"$(inherited)",
					"@executable_path/../Frameworks",
				);
				MACOSX_DEPLOYMENT_TARGET = 15.3;
				MARKETING_VERSION = 1.0;
				PRODUCT_BUNDLE_IDENTIFIER = com.pookjw.SiliconVirtualization;
				PRODUCT_NAME = "$(TARGET_NAME)";
				REGISTER_APP_GROUPS = YES;
				SWIFT_EMIT_LOC_STRINGS = YES;
			};
			name = Debug;
		};
		4F52C3462D85E53300FE2881 /* Release */ = {
			isa = XCBuildConfiguration;
			buildSettings = {
				ASSETCATALOG_COMPILER_APPICON_NAME = AppIcon;
				ASSETCATALOG_COMPILER_GLOBAL_ACCENT_COLOR_NAME = AccentColor;
				CODE_SIGN_ENTITLEMENTS = SiliconVirtualization/SiliconVirtualization.entitlements;
				CODE_SIGN_STYLE = Automatic;
				COMBINE_HIDPI_IMAGES = YES;
				CURRENT_PROJECT_VERSION = 1;
				DEVELOPMENT_TEAM = "";
				ENABLE_HARDENED_RUNTIME = YES;
				GENERATE_INFOPLIST_FILE = YES;
				INFOPLIST_KEY_NSHumanReadableCopyright = "";
				INFOPLIST_KEY_NSPrincipalClass = NSApplication;
				LD_RUNPATH_SEARCH_PATHS = (
					"$(inherited)",
					"@executable_path/../Frameworks",
				);
				MACOSX_DEPLOYMENT_TARGET = 15.3;
				MARKETING_VERSION = 1.0;
				PRODUCT_BUNDLE_IDENTIFIER = com.pookjw.SiliconVirtualization;
				PRODUCT_NAME = "$(TARGET_NAME)";
				REGISTER_APP_GROUPS = YES;
				SWIFT_EMIT_LOC_STRINGS = YES;
			};
			name = Release;
		};
		4FD7A6262D886B4C00EDD35E /* Debug */ = {
			isa = XCBuildConfiguration;
			buildSettings = {
				CLANG_CXX_LANGUAGE_STANDARD = "gnu++20";
				CLANG_ENABLE_OBJC_ARC = YES;
				CLANG_ENABLE_OBJC_WEAK = YES;
				CODE_SIGN_STYLE = Automatic;
				DEVELOPMENT_TEAM = "";
				ENABLE_HARDENED_RUNTIME = YES;
				PRODUCT_NAME = "$(TARGET_NAME)";
			};
			name = Debug;
		};
		4FD7A6272D886B4C00EDD35E /* Release */ = {
			isa = XCBuildConfiguration;
			buildSettings = {
				CLANG_CXX_LANGUAGE_STANDARD = "gnu++20";
				CLANG_ENABLE_OBJC_ARC = YES;
				CLANG_ENABLE_OBJC_WEAK = YES;
				CODE_SIGN_STYLE = Automatic;
				DEVELOPMENT_TEAM = "";
				ENABLE_HARDENED_RUNTIME = YES;
				PRODUCT_NAME = "$(TARGET_NAME)";
			};
			name = Release;
		};
/* End XCBuildConfiguration section */

/* Begin XCConfigurationList section */
		4F4F5CC82D8EF7C5005B1606 /* Build configuration list for PBXNativeTarget "SiliconVirtualizationHelper" */ = {
			isa = XCConfigurationList;
			buildConfigurations = (
				4F4F5CC92D8EF7C5005B1606 /* Debug */,
				4F4F5CCA2D8EF7C5005B1606 /* Release */,
			);
			defaultConfigurationIsVisible = 0;
			defaultConfigurationName = Release;
		};
		4F52C32C2D85E53200FE2881 /* Build configuration list for PBXProject "SiliconVirtualization" */ = {
			isa = XCConfigurationList;
			buildConfigurations = (
				4F52C3422D85E53300FE2881 /* Debug */,
				4F52C3432D85E53300FE2881 /* Release */,
			);
			defaultConfigurationIsVisible = 0;
			defaultConfigurationName = Release;
		};
		4F52C3442D85E53300FE2881 /* Build configuration list for PBXNativeTarget "SiliconVirtualization" */ = {
			isa = XCConfigurationList;
			buildConfigurations = (
				4F52C3452D85E53300FE2881 /* Debug */,
				4F52C3462D85E53300FE2881 /* Release */,
			);
			defaultConfigurationIsVisible = 0;
			defaultConfigurationName = Release;
		};
		4FD7A6252D886B4C00EDD35E /* Build configuration list for PBXNativeTarget "MyScript" */ = {
			isa = XCConfigurationList;
			buildConfigurations = (
				4FD7A6262D886B4C00EDD35E /* Debug */,
				4FD7A6272D886B4C00EDD35E /* Release */,
			);
			defaultConfigurationIsVisible = 0;
			defaultConfigurationName = Release;
		};
/* End XCConfigurationList section */
	};
	rootObject = 4F52C3292D85E53200FE2881 /* Project object */;
}
